// !$*UTF8*$!
{
	archiveVersion = 1;
	classes = {
	};
	objectVersion = 56;
	objects = {

/* Begin PBXBuildFile section */
		26C9518596457402E204A59E /* Pods_FireBaseApp_FireBaseAppUITests.framework in Frameworks */ = {isa = PBXBuildFile; fileRef = D4165362C5D91C1FDF56D1E6 /* Pods_FireBaseApp_FireBaseAppUITests.framework */; };
		A40B72D12AE0644700E4A187 /* FavoritesViewController.swift in Sources */ = {isa = PBXBuildFile; fileRef = A40B72CF2AE0644700E4A187 /* FavoritesViewController.swift */; };
		A40B72D22AE0644700E4A187 /* FavoritesViewController.xib in Resources */ = {isa = PBXBuildFile; fileRef = A40B72D02AE0644700E4A187 /* FavoritesViewController.xib */; };
		A40B72D82AE065C500E4A187 /* FavoritesTableViewCell.swift in Sources */ = {isa = PBXBuildFile; fileRef = A40B72D62AE065C500E4A187 /* FavoritesTableViewCell.swift */; };
		A40B72D92AE065C500E4A187 /* FavoritesTableViewCell.xib in Resources */ = {isa = PBXBuildFile; fileRef = A40B72D72AE065C500E4A187 /* FavoritesTableViewCell.xib */; };
		A40B72DD2AE073F500E4A187 /* Place.swift in Sources */ = {isa = PBXBuildFile; fileRef = A40B72DC2AE073F500E4A187 /* Place.swift */; };
		A40B72E12AE0743E00E4A187 /* PlaceModel.swift in Sources */ = {isa = PBXBuildFile; fileRef = A40B72E02AE0743E00E4A187 /* PlaceModel.swift */; };
		A416B6D62ADB20EF00DB3282 /* BlogModel.swift in Sources */ = {isa = PBXBuildFile; fileRef = A416B6D52ADB20EF00DB3282 /* BlogModel.swift */; };
		A416B6DA2ADB2A5800DB3282 /* Constant.swift in Sources */ = {isa = PBXBuildFile; fileRef = A416B6D92ADB2A5800DB3282 /* Constant.swift */; };
		A42FA1D02ACFDE9300839F28 /* GoogleService-Info.plist in Resources */ = {isa = PBXBuildFile; fileRef = A42FA1CF2ACFDE9300839F28 /* GoogleService-Info.plist */; };
		A44030582B11238200624247 /* BookingVM.swift in Sources */ = {isa = PBXBuildFile; fileRef = A44030572B11238200624247 /* BookingVM.swift */; };
		A47154432B1F99F60020763D /* UserManager.swift in Sources */ = {isa = PBXBuildFile; fileRef = A47154422B1F99F60020763D /* UserManager.swift */; };
		A47474332AF03865006E9296 /* BookedViewController.swift in Sources */ = {isa = PBXBuildFile; fileRef = A47474312AF03865006E9296 /* BookedViewController.swift */; };
		A47474342AF03865006E9296 /* BookedViewController.xib in Resources */ = {isa = PBXBuildFile; fileRef = A47474322AF03865006E9296 /* BookedViewController.xib */; };
		A474743C2AF038D1006E9296 /* BookedModel.swift in Sources */ = {isa = PBXBuildFile; fileRef = A474743B2AF038D1006E9296 /* BookedModel.swift */; };
		A47474412AF03A7E006E9296 /* BookedCollectionViewCell.swift in Sources */ = {isa = PBXBuildFile; fileRef = A474743F2AF03A7E006E9296 /* BookedCollectionViewCell.swift */; };
		A47474422AF03A7E006E9296 /* BookedCollectionViewCell.xib in Resources */ = {isa = PBXBuildFile; fileRef = A47474402AF03A7E006E9296 /* BookedCollectionViewCell.xib */; };
		A485C12D2AED78DB005C0F6A /* HelpCenterModel.swift in Sources */ = {isa = PBXBuildFile; fileRef = A485C12C2AED78DB005C0F6A /* HelpCenterModel.swift */; };
		A485C1332AED8CC5005C0F6A /* ChatsViewController.swift in Sources */ = {isa = PBXBuildFile; fileRef = A485C1312AED8CC5005C0F6A /* ChatsViewController.swift */; };
		A485C1342AED8CC5005C0F6A /* ChatsViewController.xib in Resources */ = {isa = PBXBuildFile; fileRef = A485C1322AED8CC5005C0F6A /* ChatsViewController.xib */; };
		A485C1382AED8D4A005C0F6A /* ChatTableViewCell.swift in Sources */ = {isa = PBXBuildFile; fileRef = A485C1362AED8D4A005C0F6A /* ChatTableViewCell.swift */; };
		A485C1392AED8D4A005C0F6A /* ChatTableViewCell.xib in Resources */ = {isa = PBXBuildFile; fileRef = A485C1372AED8D4A005C0F6A /* ChatTableViewCell.xib */; };
		A485C13C2AED9A6B005C0F6A /* Chat.swift in Sources */ = {isa = PBXBuildFile; fileRef = A485C13B2AED9A6B005C0F6A /* Chat.swift */; };
		A485C13E2AED9A9A005C0F6A /* ChatModel.swift in Sources */ = {isa = PBXBuildFile; fileRef = A485C13D2AED9A9A005C0F6A /* ChatModel.swift */; };
		A486F19A2AD1E7A20094DDC0 /* BlogViewController.swift in Sources */ = {isa = PBXBuildFile; fileRef = A486F1992AD1E7A20094DDC0 /* BlogViewController.swift */; };
		A4885C362AD33073008D71F4 /* Blog.swift in Sources */ = {isa = PBXBuildFile; fileRef = A4885C352AD33073008D71F4 /* Blog.swift */; };
		A4885C392AD33533008D71F4 /* BlogTableViewCell.swift in Sources */ = {isa = PBXBuildFile; fileRef = A4885C372AD33533008D71F4 /* BlogTableViewCell.swift */; };
		A4885C3A2AD33533008D71F4 /* BlogTableViewCell.xib in Resources */ = {isa = PBXBuildFile; fileRef = A4885C382AD33533008D71F4 /* BlogTableViewCell.xib */; };
		A48870642B1D0D2D004D7279 /* User.swift in Sources */ = {isa = PBXBuildFile; fileRef = A48870632B1D0D2D004D7279 /* User.swift */; };
		A48870662B1D0D36004D7279 /* UserModel.swift in Sources */ = {isa = PBXBuildFile; fileRef = A48870652B1D0D36004D7279 /* UserModel.swift */; };
		A48917CE2B23A0C9003DC61A /* BlogDetailVC.swift in Sources */ = {isa = PBXBuildFile; fileRef = A48917CC2B23A0C9003DC61A /* BlogDetailVC.swift */; };
		A48917CF2B23A0C9003DC61A /* BlogDetailVC.xib in Resources */ = {isa = PBXBuildFile; fileRef = A48917CD2B23A0C9003DC61A /* BlogDetailVC.xib */; };
		A489322E2AF15D0B0086FCAD /* SettingsViewController.swift in Sources */ = {isa = PBXBuildFile; fileRef = A489322C2AF15D0B0086FCAD /* SettingsViewController.swift */; };
		A489322F2AF15D0B0086FCAD /* SettingsViewController.xib in Resources */ = {isa = PBXBuildFile; fileRef = A489322D2AF15D0B0086FCAD /* SettingsViewController.xib */; };
		A489366E2ADDAFC20042A31A /* ProfileModel.swift in Sources */ = {isa = PBXBuildFile; fileRef = A489366D2ADDAFC20042A31A /* ProfileModel.swift */; };
		A48936712ADDAFEE0042A31A /* Profile.swift in Sources */ = {isa = PBXBuildFile; fileRef = A48936702ADDAFEE0042A31A /* Profile.swift */; };
		A48936732ADDBCC60042A31A /* ProfileViewController.swift in Sources */ = {isa = PBXBuildFile; fileRef = A48936722ADDBCC60042A31A /* ProfileViewController.swift */; };
		A48B34E42ADC70E200FC434D /* MapViewController.swift in Sources */ = {isa = PBXBuildFile; fileRef = A48B34E32ADC70E200FC434D /* MapViewController.swift */; };
		A48B34E82ADC7AB200FC434D /* ProfileTableViewCell.swift in Sources */ = {isa = PBXBuildFile; fileRef = A48B34E62ADC7AB200FC434D /* ProfileTableViewCell.swift */; };
		A48B34E92ADC7AB200FC434D /* ProfileTableViewCell.xib in Resources */ = {isa = PBXBuildFile; fileRef = A48B34E72ADC7AB200FC434D /* ProfileTableViewCell.xib */; };
		A48B78AA2B0D45E100C6D3B6 /* BookingVC.swift in Sources */ = {isa = PBXBuildFile; fileRef = A48B78A82B0D45E100C6D3B6 /* BookingVC.swift */; };
		A48B78AB2B0D45E100C6D3B6 /* BookingVC.xib in Resources */ = {isa = PBXBuildFile; fileRef = A48B78A92B0D45E100C6D3B6 /* BookingVC.xib */; };
		A48E1CDA2B4FEE480056C96D /* MessageCell.swift in Sources */ = {isa = PBXBuildFile; fileRef = A48E1CD82B4FEE480056C96D /* MessageCell.swift */; };
		A48E1CDB2B4FEE480056C96D /* MessageCell.xib in Resources */ = {isa = PBXBuildFile; fileRef = A48E1CD92B4FEE480056C96D /* MessageCell.xib */; };
		A48E2CC82B53E83D00A651E2 /* UIColor.swift in Sources */ = {isa = PBXBuildFile; fileRef = A48E2CC72B53E83D00A651E2 /* UIColor.swift */; };
		A49104492B545D6600E59CCA /* UIImage.swift in Sources */ = {isa = PBXBuildFile; fileRef = A49104482B545D6600E59CCA /* UIImage.swift */; };
		A4A955132AD3EF2000F8E9FC /* AddBlogViewController.swift in Sources */ = {isa = PBXBuildFile; fileRef = A4A955122AD3EF1F00F8E9FC /* AddBlogViewController.swift */; };
		A4BCB8832AE1932D00FFA54A /* RouterManager.swift in Sources */ = {isa = PBXBuildFile; fileRef = A4BCB8822AE1932D00FFA54A /* RouterManager.swift */; };
		A4C29CC32B4F170E006D1693 /* ChatViewController.swift in Sources */ = {isa = PBXBuildFile; fileRef = A4C29CC12B4F170E006D1693 /* ChatViewController.swift */; };
		A4C29CC42B4F170E006D1693 /* ChatViewController.xib in Resources */ = {isa = PBXBuildFile; fileRef = A4C29CC22B4F170E006D1693 /* ChatViewController.xib */; };
		A4D4FF452B51C5270012C3E3 /* Helper.swift in Sources */ = {isa = PBXBuildFile; fileRef = A4D4FF442B51C5270012C3E3 /* Helper.swift */; };
		A4D4FF472B51C57A0012C3E3 /* ConstantMessages.swift in Sources */ = {isa = PBXBuildFile; fileRef = A4D4FF462B51C57A0012C3E3 /* ConstantMessages.swift */; };
		A4D4FF492B51C8320012C3E3 /* DatabaseManager.swift in Sources */ = {isa = PBXBuildFile; fileRef = A4D4FF482B51C8320012C3E3 /* DatabaseManager.swift */; };
		A4D6D2FA2ACF35EC000C952A /* AppDelegate.swift in Sources */ = {isa = PBXBuildFile; fileRef = A4D6D2F92ACF35EC000C952A /* AppDelegate.swift */; };
		A4D6D2FC2ACF35EC000C952A /* SceneDelegate.swift in Sources */ = {isa = PBXBuildFile; fileRef = A4D6D2FB2ACF35EC000C952A /* SceneDelegate.swift */; };
		A4D6D2FE2ACF35EC000C952A /* ViewController.swift in Sources */ = {isa = PBXBuildFile; fileRef = A4D6D2FD2ACF35EC000C952A /* ViewController.swift */; };
		A4D6D3012ACF35EC000C952A /* Main.storyboard in Resources */ = {isa = PBXBuildFile; fileRef = A4D6D2FF2ACF35EC000C952A /* Main.storyboard */; };
		A4D6D3032ACF35ED000C952A /* Assets.xcassets in Resources */ = {isa = PBXBuildFile; fileRef = A4D6D3022ACF35ED000C952A /* Assets.xcassets */; };
		A4D6D3062ACF35ED000C952A /* LaunchScreen.storyboard in Resources */ = {isa = PBXBuildFile; fileRef = A4D6D3042ACF35ED000C952A /* LaunchScreen.storyboard */; };
		A4D6D3112ACF35ED000C952A /* FireBaseAppTests.swift in Sources */ = {isa = PBXBuildFile; fileRef = A4D6D3102ACF35ED000C952A /* FireBaseAppTests.swift */; };
		A4D6D31B2ACF35ED000C952A /* FireBaseAppUITests.swift in Sources */ = {isa = PBXBuildFile; fileRef = A4D6D31A2ACF35ED000C952A /* FireBaseAppUITests.swift */; };
		A4D6D31D2ACF35ED000C952A /* FireBaseAppUITestsLaunchTests.swift in Sources */ = {isa = PBXBuildFile; fileRef = A4D6D31C2ACF35ED000C952A /* FireBaseAppUITestsLaunchTests.swift */; };
		A4DA0CC22AEAB8AA00B80A70 /* HelpCenterViewController.swift in Sources */ = {isa = PBXBuildFile; fileRef = A4DA0CC02AEAB8AA00B80A70 /* HelpCenterViewController.swift */; };
		A4DA0CC32AEAB8AA00B80A70 /* HelpCenterViewController.xib in Resources */ = {isa = PBXBuildFile; fileRef = A4DA0CC12AEAB8AA00B80A70 /* HelpCenterViewController.xib */; };
		A4DA0CC72AEABAB000B80A70 /* HelpCenterTableViewCell.swift in Sources */ = {isa = PBXBuildFile; fileRef = A4DA0CC52AEABAB000B80A70 /* HelpCenterTableViewCell.swift */; };
		A4DA0CC82AEABAB000B80A70 /* HelpCenterTableViewCell.xib in Resources */ = {isa = PBXBuildFile; fileRef = A4DA0CC62AEABAB000B80A70 /* HelpCenterTableViewCell.xib */; };
		A4F304C02B2492F3006262A4 /* MapModel.swift in Sources */ = {isa = PBXBuildFile; fileRef = A4F304BF2B2492F3006262A4 /* MapModel.swift */; };
		A70FD2445BDC56B1A426DE49 /* Pods_FireBaseAppTests.framework in Frameworks */ = {isa = PBXBuildFile; fileRef = F1D796A282CE3DF408D14FE5 /* Pods_FireBaseAppTests.framework */; };
		F0321E4E5D291D550EB398ED /* Pods_FireBaseApp.framework in Frameworks */ = {isa = PBXBuildFile; fileRef = F3F95A90389ACD3BB3130BF2 /* Pods_FireBaseApp.framework */; };
/* End PBXBuildFile section */

/* Begin PBXContainerItemProxy section */
		A4D6D30D2ACF35ED000C952A /* PBXContainerItemProxy */ = {
			isa = PBXContainerItemProxy;
			containerPortal = A4D6D2EE2ACF35EC000C952A /* Project object */;
			proxyType = 1;
			remoteGlobalIDString = A4D6D2F52ACF35EC000C952A;
			remoteInfo = FireBaseApp;
		};
		A4D6D3172ACF35ED000C952A /* PBXContainerItemProxy */ = {
			isa = PBXContainerItemProxy;
			containerPortal = A4D6D2EE2ACF35EC000C952A /* Project object */;
			proxyType = 1;
			remoteGlobalIDString = A4D6D2F52ACF35EC000C952A;
			remoteInfo = FireBaseApp;
		};
/* End PBXContainerItemProxy section */

/* Begin PBXFileReference section */
		197ABCE024FA98E0CAEF18DB /* Pods-FireBaseAppTests.release.xcconfig */ = {isa = PBXFileReference; includeInIndex = 1; lastKnownFileType = text.xcconfig; name = "Pods-FireBaseAppTests.release.xcconfig"; path = "Target Support Files/Pods-FireBaseAppTests/Pods-FireBaseAppTests.release.xcconfig"; sourceTree = "<group>"; };
		24AE26BB8A6C2C00E6AF200E /* Pods-FireBaseApp.release.xcconfig */ = {isa = PBXFileReference; includeInIndex = 1; lastKnownFileType = text.xcconfig; name = "Pods-FireBaseApp.release.xcconfig"; path = "Target Support Files/Pods-FireBaseApp/Pods-FireBaseApp.release.xcconfig"; sourceTree = "<group>"; };
		2B49E3C4857A3F7F4D18F63E /* Pods-FireBaseApp-FireBaseAppUITests.debug.xcconfig */ = {isa = PBXFileReference; includeInIndex = 1; lastKnownFileType = text.xcconfig; name = "Pods-FireBaseApp-FireBaseAppUITests.debug.xcconfig"; path = "Target Support Files/Pods-FireBaseApp-FireBaseAppUITests/Pods-FireBaseApp-FireBaseAppUITests.debug.xcconfig"; sourceTree = "<group>"; };
		7172C6D988216C530415916B /* Pods-FireBaseApp-FireBaseAppUITests.release.xcconfig */ = {isa = PBXFileReference; includeInIndex = 1; lastKnownFileType = text.xcconfig; name = "Pods-FireBaseApp-FireBaseAppUITests.release.xcconfig"; path = "Target Support Files/Pods-FireBaseApp-FireBaseAppUITests/Pods-FireBaseApp-FireBaseAppUITests.release.xcconfig"; sourceTree = "<group>"; };
		A40B72CF2AE0644700E4A187 /* FavoritesViewController.swift */ = {isa = PBXFileReference; lastKnownFileType = sourcecode.swift; path = FavoritesViewController.swift; sourceTree = "<group>"; };
		A40B72D02AE0644700E4A187 /* FavoritesViewController.xib */ = {isa = PBXFileReference; lastKnownFileType = file.xib; path = FavoritesViewController.xib; sourceTree = "<group>"; };
		A40B72D62AE065C500E4A187 /* FavoritesTableViewCell.swift */ = {isa = PBXFileReference; lastKnownFileType = sourcecode.swift; path = FavoritesTableViewCell.swift; sourceTree = "<group>"; };
		A40B72D72AE065C500E4A187 /* FavoritesTableViewCell.xib */ = {isa = PBXFileReference; lastKnownFileType = file.xib; path = FavoritesTableViewCell.xib; sourceTree = "<group>"; };
		A40B72DC2AE073F500E4A187 /* Place.swift */ = {isa = PBXFileReference; lastKnownFileType = sourcecode.swift; path = Place.swift; sourceTree = "<group>"; };
		A40B72E02AE0743E00E4A187 /* PlaceModel.swift */ = {isa = PBXFileReference; lastKnownFileType = sourcecode.swift; path = PlaceModel.swift; sourceTree = "<group>"; };
		A416B6D52ADB20EF00DB3282 /* BlogModel.swift */ = {isa = PBXFileReference; lastKnownFileType = sourcecode.swift; path = BlogModel.swift; sourceTree = "<group>"; };
		A416B6D92ADB2A5800DB3282 /* Constant.swift */ = {isa = PBXFileReference; lastKnownFileType = sourcecode.swift; path = Constant.swift; sourceTree = "<group>"; };
		A42FA1CF2ACFDE9300839F28 /* GoogleService-Info.plist */ = {isa = PBXFileReference; fileEncoding = 4; lastKnownFileType = text.plist.xml; path = "GoogleService-Info.plist"; sourceTree = "<group>"; };
		A44030572B11238200624247 /* BookingVM.swift */ = {isa = PBXFileReference; lastKnownFileType = sourcecode.swift; path = BookingVM.swift; sourceTree = "<group>"; };
		A47154422B1F99F60020763D /* UserManager.swift */ = {isa = PBXFileReference; lastKnownFileType = sourcecode.swift; path = UserManager.swift; sourceTree = "<group>"; };
		A47474312AF03865006E9296 /* BookedViewController.swift */ = {isa = PBXFileReference; lastKnownFileType = sourcecode.swift; path = BookedViewController.swift; sourceTree = "<group>"; };
		A47474322AF03865006E9296 /* BookedViewController.xib */ = {isa = PBXFileReference; lastKnownFileType = file.xib; path = BookedViewController.xib; sourceTree = "<group>"; };
		A474743B2AF038D1006E9296 /* BookedModel.swift */ = {isa = PBXFileReference; lastKnownFileType = sourcecode.swift; path = BookedModel.swift; sourceTree = "<group>"; };
		A474743F2AF03A7E006E9296 /* BookedCollectionViewCell.swift */ = {isa = PBXFileReference; lastKnownFileType = sourcecode.swift; path = BookedCollectionViewCell.swift; sourceTree = "<group>"; };
		A47474402AF03A7E006E9296 /* BookedCollectionViewCell.xib */ = {isa = PBXFileReference; lastKnownFileType = file.xib; path = BookedCollectionViewCell.xib; sourceTree = "<group>"; };
		A485C12C2AED78DB005C0F6A /* HelpCenterModel.swift */ = {isa = PBXFileReference; lastKnownFileType = sourcecode.swift; path = HelpCenterModel.swift; sourceTree = "<group>"; };
		A485C1312AED8CC5005C0F6A /* ChatsViewController.swift */ = {isa = PBXFileReference; lastKnownFileType = sourcecode.swift; path = ChatsViewController.swift; sourceTree = "<group>"; };
		A485C1322AED8CC5005C0F6A /* ChatsViewController.xib */ = {isa = PBXFileReference; lastKnownFileType = file.xib; path = ChatsViewController.xib; sourceTree = "<group>"; };
		A485C1362AED8D4A005C0F6A /* ChatTableViewCell.swift */ = {isa = PBXFileReference; lastKnownFileType = sourcecode.swift; path = ChatTableViewCell.swift; sourceTree = "<group>"; };
		A485C1372AED8D4A005C0F6A /* ChatTableViewCell.xib */ = {isa = PBXFileReference; lastKnownFileType = file.xib; path = ChatTableViewCell.xib; sourceTree = "<group>"; };
		A485C13B2AED9A6B005C0F6A /* Chat.swift */ = {isa = PBXFileReference; lastKnownFileType = sourcecode.swift; path = Chat.swift; sourceTree = "<group>"; };
		A485C13D2AED9A9A005C0F6A /* ChatModel.swift */ = {isa = PBXFileReference; lastKnownFileType = sourcecode.swift; path = ChatModel.swift; sourceTree = "<group>"; };
		A486F1992AD1E7A20094DDC0 /* BlogViewController.swift */ = {isa = PBXFileReference; lastKnownFileType = sourcecode.swift; path = BlogViewController.swift; sourceTree = "<group>"; };
		A4885C352AD33073008D71F4 /* Blog.swift */ = {isa = PBXFileReference; lastKnownFileType = sourcecode.swift; path = Blog.swift; sourceTree = "<group>"; };
		A4885C372AD33533008D71F4 /* BlogTableViewCell.swift */ = {isa = PBXFileReference; lastKnownFileType = sourcecode.swift; path = BlogTableViewCell.swift; sourceTree = "<group>"; };
		A4885C382AD33533008D71F4 /* BlogTableViewCell.xib */ = {isa = PBXFileReference; lastKnownFileType = file.xib; path = BlogTableViewCell.xib; sourceTree = "<group>"; };
		A48870632B1D0D2D004D7279 /* User.swift */ = {isa = PBXFileReference; lastKnownFileType = sourcecode.swift; path = User.swift; sourceTree = "<group>"; };
		A48870652B1D0D36004D7279 /* UserModel.swift */ = {isa = PBXFileReference; lastKnownFileType = sourcecode.swift; path = UserModel.swift; sourceTree = "<group>"; };
		A48917CC2B23A0C9003DC61A /* BlogDetailVC.swift */ = {isa = PBXFileReference; lastKnownFileType = sourcecode.swift; path = BlogDetailVC.swift; sourceTree = "<group>"; };
		A48917CD2B23A0C9003DC61A /* BlogDetailVC.xib */ = {isa = PBXFileReference; lastKnownFileType = file.xib; path = BlogDetailVC.xib; sourceTree = "<group>"; };
		A489322C2AF15D0B0086FCAD /* SettingsViewController.swift */ = {isa = PBXFileReference; lastKnownFileType = sourcecode.swift; path = SettingsViewController.swift; sourceTree = "<group>"; };
		A489322D2AF15D0B0086FCAD /* SettingsViewController.xib */ = {isa = PBXFileReference; lastKnownFileType = file.xib; path = SettingsViewController.xib; sourceTree = "<group>"; };
		A489366D2ADDAFC20042A31A /* ProfileModel.swift */ = {isa = PBXFileReference; lastKnownFileType = sourcecode.swift; path = ProfileModel.swift; sourceTree = "<group>"; };
		A48936702ADDAFEE0042A31A /* Profile.swift */ = {isa = PBXFileReference; lastKnownFileType = sourcecode.swift; path = Profile.swift; sourceTree = "<group>"; };
		A48936722ADDBCC60042A31A /* ProfileViewController.swift */ = {isa = PBXFileReference; lastKnownFileType = sourcecode.swift; path = ProfileViewController.swift; sourceTree = "<group>"; };
		A48B34E32ADC70E200FC434D /* MapViewController.swift */ = {isa = PBXFileReference; lastKnownFileType = sourcecode.swift; path = MapViewController.swift; sourceTree = "<group>"; };
		A48B34E62ADC7AB200FC434D /* ProfileTableViewCell.swift */ = {isa = PBXFileReference; lastKnownFileType = sourcecode.swift; path = ProfileTableViewCell.swift; sourceTree = "<group>"; };
		A48B34E72ADC7AB200FC434D /* ProfileTableViewCell.xib */ = {isa = PBXFileReference; lastKnownFileType = file.xib; path = ProfileTableViewCell.xib; sourceTree = "<group>"; };
		A48B78A82B0D45E100C6D3B6 /* BookingVC.swift */ = {isa = PBXFileReference; lastKnownFileType = sourcecode.swift; path = BookingVC.swift; sourceTree = "<group>"; };
		A48B78A92B0D45E100C6D3B6 /* BookingVC.xib */ = {isa = PBXFileReference; lastKnownFileType = file.xib; path = BookingVC.xib; sourceTree = "<group>"; };
		A48E1CD82B4FEE480056C96D /* MessageCell.swift */ = {isa = PBXFileReference; lastKnownFileType = sourcecode.swift; path = MessageCell.swift; sourceTree = "<group>"; };
		A48E1CD92B4FEE480056C96D /* MessageCell.xib */ = {isa = PBXFileReference; lastKnownFileType = file.xib; path = MessageCell.xib; sourceTree = "<group>"; };
		A48E2CC72B53E83D00A651E2 /* UIColor.swift */ = {isa = PBXFileReference; lastKnownFileType = sourcecode.swift; path = UIColor.swift; sourceTree = "<group>"; };
		A49104482B545D6600E59CCA /* UIImage.swift */ = {isa = PBXFileReference; lastKnownFileType = sourcecode.swift; path = UIImage.swift; sourceTree = "<group>"; };
		A4A955122AD3EF1F00F8E9FC /* AddBlogViewController.swift */ = {isa = PBXFileReference; lastKnownFileType = sourcecode.swift; path = AddBlogViewController.swift; sourceTree = "<group>"; };
		A4BCB8822AE1932D00FFA54A /* RouterManager.swift */ = {isa = PBXFileReference; lastKnownFileType = sourcecode.swift; path = RouterManager.swift; sourceTree = "<group>"; };
		A4C29CC12B4F170E006D1693 /* ChatViewController.swift */ = {isa = PBXFileReference; lastKnownFileType = sourcecode.swift; path = ChatViewController.swift; sourceTree = "<group>"; };
		A4C29CC22B4F170E006D1693 /* ChatViewController.xib */ = {isa = PBXFileReference; lastKnownFileType = file.xib; path = ChatViewController.xib; sourceTree = "<group>"; };
		A4D4FF442B51C5270012C3E3 /* Helper.swift */ = {isa = PBXFileReference; lastKnownFileType = sourcecode.swift; path = Helper.swift; sourceTree = "<group>"; };
		A4D4FF462B51C57A0012C3E3 /* ConstantMessages.swift */ = {isa = PBXFileReference; lastKnownFileType = sourcecode.swift; path = ConstantMessages.swift; sourceTree = "<group>"; };
		A4D4FF482B51C8320012C3E3 /* DatabaseManager.swift */ = {isa = PBXFileReference; lastKnownFileType = sourcecode.swift; path = DatabaseManager.swift; sourceTree = "<group>"; };
		A4D6D2F62ACF35EC000C952A /* FireBaseApp.app */ = {isa = PBXFileReference; explicitFileType = wrapper.application; includeInIndex = 0; path = FireBaseApp.app; sourceTree = BUILT_PRODUCTS_DIR; };
		A4D6D2F92ACF35EC000C952A /* AppDelegate.swift */ = {isa = PBXFileReference; lastKnownFileType = sourcecode.swift; path = AppDelegate.swift; sourceTree = "<group>"; };
		A4D6D2FB2ACF35EC000C952A /* SceneDelegate.swift */ = {isa = PBXFileReference; lastKnownFileType = sourcecode.swift; path = SceneDelegate.swift; sourceTree = "<group>"; };
		A4D6D2FD2ACF35EC000C952A /* ViewController.swift */ = {isa = PBXFileReference; lastKnownFileType = sourcecode.swift; path = ViewController.swift; sourceTree = "<group>"; };
		A4D6D3002ACF35EC000C952A /* Base */ = {isa = PBXFileReference; lastKnownFileType = file.storyboard; name = Base; path = Base.lproj/Main.storyboard; sourceTree = "<group>"; };
		A4D6D3022ACF35ED000C952A /* Assets.xcassets */ = {isa = PBXFileReference; lastKnownFileType = folder.assetcatalog; path = Assets.xcassets; sourceTree = "<group>"; };
		A4D6D3052ACF35ED000C952A /* Base */ = {isa = PBXFileReference; lastKnownFileType = file.storyboard; name = Base; path = Base.lproj/LaunchScreen.storyboard; sourceTree = "<group>"; };
		A4D6D3072ACF35ED000C952A /* Info.plist */ = {isa = PBXFileReference; lastKnownFileType = text.plist.xml; path = Info.plist; sourceTree = "<group>"; };
		A4D6D30C2ACF35ED000C952A /* FireBaseAppTests.xctest */ = {isa = PBXFileReference; explicitFileType = wrapper.cfbundle; includeInIndex = 0; path = FireBaseAppTests.xctest; sourceTree = BUILT_PRODUCTS_DIR; };
		A4D6D3102ACF35ED000C952A /* FireBaseAppTests.swift */ = {isa = PBXFileReference; lastKnownFileType = sourcecode.swift; path = FireBaseAppTests.swift; sourceTree = "<group>"; };
		A4D6D3162ACF35ED000C952A /* FireBaseAppUITests.xctest */ = {isa = PBXFileReference; explicitFileType = wrapper.cfbundle; includeInIndex = 0; path = FireBaseAppUITests.xctest; sourceTree = BUILT_PRODUCTS_DIR; };
		A4D6D31A2ACF35ED000C952A /* FireBaseAppUITests.swift */ = {isa = PBXFileReference; lastKnownFileType = sourcecode.swift; path = FireBaseAppUITests.swift; sourceTree = "<group>"; };
		A4D6D31C2ACF35ED000C952A /* FireBaseAppUITestsLaunchTests.swift */ = {isa = PBXFileReference; lastKnownFileType = sourcecode.swift; path = FireBaseAppUITestsLaunchTests.swift; sourceTree = "<group>"; };
		A4DA0CC02AEAB8AA00B80A70 /* HelpCenterViewController.swift */ = {isa = PBXFileReference; lastKnownFileType = sourcecode.swift; path = HelpCenterViewController.swift; sourceTree = "<group>"; };
		A4DA0CC12AEAB8AA00B80A70 /* HelpCenterViewController.xib */ = {isa = PBXFileReference; lastKnownFileType = file.xib; path = HelpCenterViewController.xib; sourceTree = "<group>"; };
		A4DA0CC52AEABAB000B80A70 /* HelpCenterTableViewCell.swift */ = {isa = PBXFileReference; lastKnownFileType = sourcecode.swift; path = HelpCenterTableViewCell.swift; sourceTree = "<group>"; };
		A4DA0CC62AEABAB000B80A70 /* HelpCenterTableViewCell.xib */ = {isa = PBXFileReference; lastKnownFileType = file.xib; path = HelpCenterTableViewCell.xib; sourceTree = "<group>"; };
		A4F304BF2B2492F3006262A4 /* MapModel.swift */ = {isa = PBXFileReference; lastKnownFileType = sourcecode.swift; path = MapModel.swift; sourceTree = "<group>"; };
		CA81D10BDE4FB7FACC069D39 /* Pods-FireBaseAppTests.debug.xcconfig */ = {isa = PBXFileReference; includeInIndex = 1; lastKnownFileType = text.xcconfig; name = "Pods-FireBaseAppTests.debug.xcconfig"; path = "Target Support Files/Pods-FireBaseAppTests/Pods-FireBaseAppTests.debug.xcconfig"; sourceTree = "<group>"; };
		D4165362C5D91C1FDF56D1E6 /* Pods_FireBaseApp_FireBaseAppUITests.framework */ = {isa = PBXFileReference; explicitFileType = wrapper.framework; includeInIndex = 0; path = Pods_FireBaseApp_FireBaseAppUITests.framework; sourceTree = BUILT_PRODUCTS_DIR; };
		E477459F1BB464DF693B45C6 /* Pods-FireBaseApp.debug.xcconfig */ = {isa = PBXFileReference; includeInIndex = 1; lastKnownFileType = text.xcconfig; name = "Pods-FireBaseApp.debug.xcconfig"; path = "Target Support Files/Pods-FireBaseApp/Pods-FireBaseApp.debug.xcconfig"; sourceTree = "<group>"; };
		F1D796A282CE3DF408D14FE5 /* Pods_FireBaseAppTests.framework */ = {isa = PBXFileReference; explicitFileType = wrapper.framework; includeInIndex = 0; path = Pods_FireBaseAppTests.framework; sourceTree = BUILT_PRODUCTS_DIR; };
		F3F95A90389ACD3BB3130BF2 /* Pods_FireBaseApp.framework */ = {isa = PBXFileReference; explicitFileType = wrapper.framework; includeInIndex = 0; path = Pods_FireBaseApp.framework; sourceTree = BUILT_PRODUCTS_DIR; };
/* End PBXFileReference section */

/* Begin PBXFrameworksBuildPhase section */
		A4D6D2F32ACF35EC000C952A /* Frameworks */ = {
			isa = PBXFrameworksBuildPhase;
			buildActionMask = 2147483647;
			files = (
				F0321E4E5D291D550EB398ED /* Pods_FireBaseApp.framework in Frameworks */,
			);
			runOnlyForDeploymentPostprocessing = 0;
		};
		A4D6D3092ACF35ED000C952A /* Frameworks */ = {
			isa = PBXFrameworksBuildPhase;
			buildActionMask = 2147483647;
			files = (
				A70FD2445BDC56B1A426DE49 /* Pods_FireBaseAppTests.framework in Frameworks */,
			);
			runOnlyForDeploymentPostprocessing = 0;
		};
		A4D6D3132ACF35ED000C952A /* Frameworks */ = {
			isa = PBXFrameworksBuildPhase;
			buildActionMask = 2147483647;
			files = (
				26C9518596457402E204A59E /* Pods_FireBaseApp_FireBaseAppUITests.framework in Frameworks */,
			);
			runOnlyForDeploymentPostprocessing = 0;
		};
/* End PBXFrameworksBuildPhase section */

/* Begin PBXGroup section */
		A40B72D32AE0659C00E4A187 /* Favorites */ = {
			isa = PBXGroup;
			children = (
				A40B72D62AE065C500E4A187 /* FavoritesTableViewCell.swift */,
				A40B72D72AE065C500E4A187 /* FavoritesTableViewCell.xib */,
			);
			path = Favorites;
			sourceTree = "<group>";
		};
		A40B72DE2AE0742900E4A187 /* Place */ = {
			isa = PBXGroup;
			children = (
				A40B72DC2AE073F500E4A187 /* Place.swift */,
				A40B72E02AE0743E00E4A187 /* PlaceModel.swift */,
			);
			path = Place;
			sourceTree = "<group>";
		};
		A416B6D72ADB2A3E00DB3282 /* Extension */ = {
			isa = PBXGroup;
			children = (
				A48E2CC72B53E83D00A651E2 /* UIColor.swift */,
				A49104482B545D6600E59CCA /* UIImage.swift */,
			);
			path = Extension;
			sourceTree = "<group>";
		};
		A47474302AF03850006E9296 /* Booked */ = {
			isa = PBXGroup;
			children = (
				A47474312AF03865006E9296 /* BookedViewController.swift */,
				A47474322AF03865006E9296 /* BookedViewController.xib */,
			);
			path = Booked;
			sourceTree = "<group>";
		};
		A47474352AF038A7006E9296 /* Booked */ = {
			isa = PBXGroup;
			children = (
				A474743F2AF03A7E006E9296 /* BookedCollectionViewCell.swift */,
				A47474402AF03A7E006E9296 /* BookedCollectionViewCell.xib */,
			);
			path = Booked;
			sourceTree = "<group>";
		};
		A474743A2AF038C3006E9296 /* Booked */ = {
			isa = PBXGroup;
			children = (
				A44030572B11238200624247 /* BookingVM.swift */,
				A474743B2AF038D1006E9296 /* BookedModel.swift */,
			);
			path = Booked;
			sourceTree = "<group>";
		};
		A485C12B2AED78C8005C0F6A /* HelpCenter */ = {
			isa = PBXGroup;
			children = (
				A485C12C2AED78DB005C0F6A /* HelpCenterModel.swift */,
			);
			path = HelpCenter;
			sourceTree = "<group>";
		};
		A485C12E2AED8C3F005C0F6A /* Favorite */ = {
			isa = PBXGroup;
			children = (
				A40B72CF2AE0644700E4A187 /* FavoritesViewController.swift */,
				A40B72D02AE0644700E4A187 /* FavoritesViewController.xib */,
			);
			path = Favorite;
			sourceTree = "<group>";
		};
		A485C12F2AED8C4A005C0F6A /* HelpCenter */ = {
			isa = PBXGroup;
			children = (
				A4DA0CC02AEAB8AA00B80A70 /* HelpCenterViewController.swift */,
				A4DA0CC12AEAB8AA00B80A70 /* HelpCenterViewController.xib */,
			);
			path = HelpCenter;
			sourceTree = "<group>";
		};
		A485C1302AED8C62005C0F6A /* Chats */ = {
			isa = PBXGroup;
			children = (
				A485C1312AED8CC5005C0F6A /* ChatsViewController.swift */,
				A485C1322AED8CC5005C0F6A /* ChatsViewController.xib */,
				A4C29CC12B4F170E006D1693 /* ChatViewController.swift */,
				A4C29CC22B4F170E006D1693 /* ChatViewController.xib */,
			);
			path = Chats;
			sourceTree = "<group>";
		};
		A485C1352AED8D32005C0F6A /* Chats */ = {
			isa = PBXGroup;
			children = (
				A485C1362AED8D4A005C0F6A /* ChatTableViewCell.swift */,
				A485C1372AED8D4A005C0F6A /* ChatTableViewCell.xib */,
				A48E1CD82B4FEE480056C96D /* MessageCell.swift */,
				A48E1CD92B4FEE480056C96D /* MessageCell.xib */,
			);
			path = Chats;
			sourceTree = "<group>";
		};
		A485C13A2AED9A63005C0F6A /* Chat */ = {
			isa = PBXGroup;
			children = (
				A485C13B2AED9A6B005C0F6A /* Chat.swift */,
				A485C13D2AED9A9A005C0F6A /* ChatModel.swift */,
			);
			path = Chat;
			sourceTree = "<group>";
		};
		A48870622B1D0CE2004D7279 /* User */ = {
			isa = PBXGroup;
			children = (
				A48870632B1D0D2D004D7279 /* User.swift */,
				A48870652B1D0D36004D7279 /* UserModel.swift */,
			);
			path = User;
			sourceTree = "<group>";
		};
		A4887AC92AD2B9CC00867414 /* Application */ = {
			isa = PBXGroup;
			children = (
				A4D6D2F92ACF35EC000C952A /* AppDelegate.swift */,
				A4D6D2FB2ACF35EC000C952A /* SceneDelegate.swift */,
			);
			path = Application;
			sourceTree = "<group>";
		};
		A4887ACB2AD2B9ED00867414 /* Resources */ = {
			isa = PBXGroup;
			children = (
				A4D6D3022ACF35ED000C952A /* Assets.xcassets */,
			);
			path = Resources;
			sourceTree = "<group>";
		};
		A4887ACC2AD2B9FE00867414 /* Screens */ = {
			isa = PBXGroup;
			children = (
				A4887ACF2AD2BA1100867414 /* Controller */,
				A4887ACE2AD2BA0D00867414 /* View */,
				A4887ACD2AD2BA0600867414 /* Model */,
			);
			path = Screens;
			sourceTree = "<group>";
		};
		A4887ACD2AD2BA0600867414 /* Model */ = {
			isa = PBXGroup;
			children = (
				A48870622B1D0CE2004D7279 /* User */,
				A489366C2ADDAFB90042A31A /* Profile */,
				A48B34E22ADC70BF00FC434D /* Map */,
				A48B34E12ADC70B900FC434D /* Blog */,
			);
			path = Model;
			sourceTree = "<group>";
		};
		A4887ACE2AD2BA0D00867414 /* View */ = {
			isa = PBXGroup;
			children = (
				A48B34E52ADC7A9A00FC434D /* Profile */,
				A48B34E02ADC70AF00FC434D /* Blog */,
			);
			path = View;
			sourceTree = "<group>";
		};
		A4887ACF2AD2BA1100867414 /* Controller */ = {
			isa = PBXGroup;
			children = (
				A48936742ADDBED10042A31A /* Profile */,
				A48B34DD2ADC708B00FC434D /* Map */,
				A48B34DC2ADC708700FC434D /* Blog */,
				A4D6D2FD2ACF35EC000C952A /* ViewController.swift */,
			);
			path = Controller;
			sourceTree = "<group>";
		};
		A4887AD02AD2BA1800867414 /* StoryBoard */ = {
			isa = PBXGroup;
			children = (
				A4D6D2FF2ACF35EC000C952A /* Main.storyboard */,
				A4D6D3042ACF35ED000C952A /* LaunchScreen.storyboard */,
			);
			path = StoryBoard;
			sourceTree = "<group>";
		};
		A489322B2AF15CED0086FCAD /* InformationTap */ = {
			isa = PBXGroup;
			children = (
				A489322C2AF15D0B0086FCAD /* SettingsViewController.swift */,
				A489322D2AF15D0B0086FCAD /* SettingsViewController.xib */,
			);
			path = InformationTap;
			sourceTree = "<group>";
		};
		A489366C2ADDAFB90042A31A /* Profile */ = {
			isa = PBXGroup;
			children = (
				A474743A2AF038C3006E9296 /* Booked */,
				A485C13A2AED9A63005C0F6A /* Chat */,
				A485C12B2AED78C8005C0F6A /* HelpCenter */,
				A40B72DE2AE0742900E4A187 /* Place */,
				A489366D2ADDAFC20042A31A /* ProfileModel.swift */,
				A48936702ADDAFEE0042A31A /* Profile.swift */,
			);
			path = Profile;
			sourceTree = "<group>";
		};
		A48936742ADDBED10042A31A /* Profile */ = {
			isa = PBXGroup;
			children = (
				A48B78A72B0D45CB00C6D3B6 /* Booking */,
				A489322B2AF15CED0086FCAD /* InformationTap */,
				A47474302AF03850006E9296 /* Booked */,
				A485C1302AED8C62005C0F6A /* Chats */,
				A485C12F2AED8C4A005C0F6A /* HelpCenter */,
				A485C12E2AED8C3F005C0F6A /* Favorite */,
				A48936722ADDBCC60042A31A /* ProfileViewController.swift */,
			);
			path = Profile;
			sourceTree = "<group>";
		};
		A48B34D92ADC6F5E00FC434D /* Utility */ = {
			isa = PBXGroup;
			children = (
				A4BCB8822AE1932D00FFA54A /* RouterManager.swift */,
				A47154422B1F99F60020763D /* UserManager.swift */,
				A4D4FF482B51C8320012C3E3 /* DatabaseManager.swift */,
			);
			path = Utility;
			sourceTree = "<group>";
		};
		A48B34DC2ADC708700FC434D /* Blog */ = {
			isa = PBXGroup;
			children = (
				A486F1992AD1E7A20094DDC0 /* BlogViewController.swift */,
				A4A955122AD3EF1F00F8E9FC /* AddBlogViewController.swift */,
				A48917CC2B23A0C9003DC61A /* BlogDetailVC.swift */,
				A48917CD2B23A0C9003DC61A /* BlogDetailVC.xib */,
			);
			path = Blog;
			sourceTree = "<group>";
		};
		A48B34DD2ADC708B00FC434D /* Map */ = {
			isa = PBXGroup;
			children = (
				A48B34E32ADC70E200FC434D /* MapViewController.swift */,
			);
			path = Map;
			sourceTree = "<group>";
		};
		A48B34E02ADC70AF00FC434D /* Blog */ = {
			isa = PBXGroup;
			children = (
				A4885C372AD33533008D71F4 /* BlogTableViewCell.swift */,
				A4885C382AD33533008D71F4 /* BlogTableViewCell.xib */,
			);
			path = Blog;
			sourceTree = "<group>";
		};
		A48B34E12ADC70B900FC434D /* Blog */ = {
			isa = PBXGroup;
			children = (
				A4885C352AD33073008D71F4 /* Blog.swift */,
				A416B6D52ADB20EF00DB3282 /* BlogModel.swift */,
			);
			path = Blog;
			sourceTree = "<group>";
		};
		A48B34E22ADC70BF00FC434D /* Map */ = {
			isa = PBXGroup;
			children = (
				A4F304BF2B2492F3006262A4 /* MapModel.swift */,
			);
			path = Map;
			sourceTree = "<group>";
		};
		A48B34E52ADC7A9A00FC434D /* Profile */ = {
			isa = PBXGroup;
			children = (
				A47474352AF038A7006E9296 /* Booked */,
				A485C1352AED8D32005C0F6A /* Chats */,
				A4DA0CC42AEABA9000B80A70 /* HelpCenter */,
				A40B72D32AE0659C00E4A187 /* Favorites */,
				A48B34E62ADC7AB200FC434D /* ProfileTableViewCell.swift */,
				A48B34E72ADC7AB200FC434D /* ProfileTableViewCell.xib */,
			);
			path = Profile;
			sourceTree = "<group>";
		};
		A48B78A72B0D45CB00C6D3B6 /* Booking */ = {
			isa = PBXGroup;
			children = (
				A48B78A82B0D45E100C6D3B6 /* BookingVC.swift */,
				A48B78A92B0D45E100C6D3B6 /* BookingVC.xib */,
			);
			path = Booking;
			sourceTree = "<group>";
		};
		A491044A2B546C1600E59CCA /* Helper */ = {
			isa = PBXGroup;
			children = (
				A4D4FF462B51C57A0012C3E3 /* ConstantMessages.swift */,
				A416B6D92ADB2A5800DB3282 /* Constant.swift */,
				A4D4FF442B51C5270012C3E3 /* Helper.swift */,
			);
			path = Helper;
			sourceTree = "<group>";
		};
		A4D6D2ED2ACF35EC000C952A = {
			isa = PBXGroup;
			children = (
				A4D6D2F82ACF35EC000C952A /* FireBaseApp */,
				A4D6D30F2ACF35ED000C952A /* FireBaseAppTests */,
				A4D6D3192ACF35ED000C952A /* FireBaseAppUITests */,
				A4D6D2F72ACF35EC000C952A /* Products */,
				D451843F477B6CC46E492EA0 /* Pods */,
				CA54A7018405228CCF3D6640 /* Frameworks */,
			);
			sourceTree = "<group>";
		};
		A4D6D2F72ACF35EC000C952A /* Products */ = {
			isa = PBXGroup;
			children = (
				A4D6D2F62ACF35EC000C952A /* FireBaseApp.app */,
				A4D6D30C2ACF35ED000C952A /* FireBaseAppTests.xctest */,
				A4D6D3162ACF35ED000C952A /* FireBaseAppUITests.xctest */,
			);
			name = Products;
			sourceTree = "<group>";
		};
		A4D6D2F82ACF35EC000C952A /* FireBaseApp */ = {
			isa = PBXGroup;
			children = (
				A491044A2B546C1600E59CCA /* Helper */,
				A48B34D92ADC6F5E00FC434D /* Utility */,
				A416B6D72ADB2A3E00DB3282 /* Extension */,
				A4887AD02AD2BA1800867414 /* StoryBoard */,
				A4887ACC2AD2B9FE00867414 /* Screens */,
				A4887ACB2AD2B9ED00867414 /* Resources */,
				A4887AC92AD2B9CC00867414 /* Application */,
				A4D6D3072ACF35ED000C952A /* Info.plist */,
				A42FA1CF2ACFDE9300839F28 /* GoogleService-Info.plist */,
			);
			path = FireBaseApp;
			sourceTree = "<group>";
		};
		A4D6D30F2ACF35ED000C952A /* FireBaseAppTests */ = {
			isa = PBXGroup;
			children = (
				A4D6D3102ACF35ED000C952A /* FireBaseAppTests.swift */,
			);
			path = FireBaseAppTests;
			sourceTree = "<group>";
		};
		A4D6D3192ACF35ED000C952A /* FireBaseAppUITests */ = {
			isa = PBXGroup;
			children = (
				A4D6D31A2ACF35ED000C952A /* FireBaseAppUITests.swift */,
				A4D6D31C2ACF35ED000C952A /* FireBaseAppUITestsLaunchTests.swift */,
			);
			path = FireBaseAppUITests;
			sourceTree = "<group>";
		};
		A4DA0CC42AEABA9000B80A70 /* HelpCenter */ = {
			isa = PBXGroup;
			children = (
				A4DA0CC52AEABAB000B80A70 /* HelpCenterTableViewCell.swift */,
				A4DA0CC62AEABAB000B80A70 /* HelpCenterTableViewCell.xib */,
			);
			path = HelpCenter;
			sourceTree = "<group>";
		};
		CA54A7018405228CCF3D6640 /* Frameworks */ = {
			isa = PBXGroup;
			children = (
				F3F95A90389ACD3BB3130BF2 /* Pods_FireBaseApp.framework */,
				D4165362C5D91C1FDF56D1E6 /* Pods_FireBaseApp_FireBaseAppUITests.framework */,
				F1D796A282CE3DF408D14FE5 /* Pods_FireBaseAppTests.framework */,
			);
			name = Frameworks;
			sourceTree = "<group>";
		};
		D451843F477B6CC46E492EA0 /* Pods */ = {
			isa = PBXGroup;
			children = (
				E477459F1BB464DF693B45C6 /* Pods-FireBaseApp.debug.xcconfig */,
				24AE26BB8A6C2C00E6AF200E /* Pods-FireBaseApp.release.xcconfig */,
				2B49E3C4857A3F7F4D18F63E /* Pods-FireBaseApp-FireBaseAppUITests.debug.xcconfig */,
				7172C6D988216C530415916B /* Pods-FireBaseApp-FireBaseAppUITests.release.xcconfig */,
				CA81D10BDE4FB7FACC069D39 /* Pods-FireBaseAppTests.debug.xcconfig */,
				197ABCE024FA98E0CAEF18DB /* Pods-FireBaseAppTests.release.xcconfig */,
			);
			path = Pods;
			sourceTree = "<group>";
		};
/* End PBXGroup section */

/* Begin PBXNativeTarget section */
		A4D6D2F52ACF35EC000C952A /* FireBaseApp */ = {
			isa = PBXNativeTarget;
			buildConfigurationList = A4D6D3202ACF35ED000C952A /* Build configuration list for PBXNativeTarget "FireBaseApp" */;
			buildPhases = (
				8CDC4B2B497A87A4C2D19E2F /* [CP] Check Pods Manifest.lock */,
				A4D6D2F22ACF35EC000C952A /* Sources */,
				A4D6D2F32ACF35EC000C952A /* Frameworks */,
				A4D6D2F42ACF35EC000C952A /* Resources */,
				387754FE09FF4EE77A22C919 /* [CP] Embed Pods Frameworks */,
			);
			buildRules = (
			);
			dependencies = (
			);
			name = FireBaseApp;
			productName = FireBaseApp;
			productReference = A4D6D2F62ACF35EC000C952A /* FireBaseApp.app */;
			productType = "com.apple.product-type.application";
		};
		A4D6D30B2ACF35ED000C952A /* FireBaseAppTests */ = {
			isa = PBXNativeTarget;
			buildConfigurationList = A4D6D3232ACF35ED000C952A /* Build configuration list for PBXNativeTarget "FireBaseAppTests" */;
			buildPhases = (
				C386D5ECA7CB3316BDE96C58 /* [CP] Check Pods Manifest.lock */,
				A4D6D3082ACF35ED000C952A /* Sources */,
				A4D6D3092ACF35ED000C952A /* Frameworks */,
				A4D6D30A2ACF35ED000C952A /* Resources */,
			);
			buildRules = (
			);
			dependencies = (
				A4D6D30E2ACF35ED000C952A /* PBXTargetDependency */,
			);
			name = FireBaseAppTests;
			productName = FireBaseAppTests;
			productReference = A4D6D30C2ACF35ED000C952A /* FireBaseAppTests.xctest */;
			productType = "com.apple.product-type.bundle.unit-test";
		};
		A4D6D3152ACF35ED000C952A /* FireBaseAppUITests */ = {
			isa = PBXNativeTarget;
			buildConfigurationList = A4D6D3262ACF35ED000C952A /* Build configuration list for PBXNativeTarget "FireBaseAppUITests" */;
			buildPhases = (
				D2649FFA9A94E1AAB2858A50 /* [CP] Check Pods Manifest.lock */,
				A4D6D3122ACF35ED000C952A /* Sources */,
				A4D6D3132ACF35ED000C952A /* Frameworks */,
				A4D6D3142ACF35ED000C952A /* Resources */,
				5124FE22F51C5592AE71150E /* [CP] Embed Pods Frameworks */,
			);
			buildRules = (
			);
			dependencies = (
				A4D6D3182ACF35ED000C952A /* PBXTargetDependency */,
			);
			name = FireBaseAppUITests;
			productName = FireBaseAppUITests;
			productReference = A4D6D3162ACF35ED000C952A /* FireBaseAppUITests.xctest */;
			productType = "com.apple.product-type.bundle.ui-testing";
		};
/* End PBXNativeTarget section */

/* Begin PBXProject section */
		A4D6D2EE2ACF35EC000C952A /* Project object */ = {
			isa = PBXProject;
			attributes = {
				BuildIndependentTargetsInParallel = 1;
				LastSwiftUpdateCheck = 1500;
				LastUpgradeCheck = 1500;
				TargetAttributes = {
					A4D6D2F52ACF35EC000C952A = {
						CreatedOnToolsVersion = 15.0;
					};
					A4D6D30B2ACF35ED000C952A = {
						CreatedOnToolsVersion = 15.0;
						TestTargetID = A4D6D2F52ACF35EC000C952A;
					};
					A4D6D3152ACF35ED000C952A = {
						CreatedOnToolsVersion = 15.0;
						TestTargetID = A4D6D2F52ACF35EC000C952A;
					};
				};
			};
			buildConfigurationList = A4D6D2F12ACF35EC000C952A /* Build configuration list for PBXProject "FireBaseApp" */;
			compatibilityVersion = "Xcode 14.0";
			developmentRegion = en;
			hasScannedForEncodings = 0;
			knownRegions = (
				en,
				Base,
			);
			mainGroup = A4D6D2ED2ACF35EC000C952A;
			productRefGroup = A4D6D2F72ACF35EC000C952A /* Products */;
			projectDirPath = "";
			projectRoot = "";
			targets = (
				A4D6D2F52ACF35EC000C952A /* FireBaseApp */,
				A4D6D30B2ACF35ED000C952A /* FireBaseAppTests */,
				A4D6D3152ACF35ED000C952A /* FireBaseAppUITests */,
			);
		};
/* End PBXProject section */

/* Begin PBXResourcesBuildPhase section */
		A4D6D2F42ACF35EC000C952A /* Resources */ = {
			isa = PBXResourcesBuildPhase;
			buildActionMask = 2147483647;
			files = (
				A4D6D3062ACF35ED000C952A /* LaunchScreen.storyboard in Resources */,
				A42FA1D02ACFDE9300839F28 /* GoogleService-Info.plist in Resources */,
				A4C29CC42B4F170E006D1693 /* ChatViewController.xib in Resources */,
				A47474342AF03865006E9296 /* BookedViewController.xib in Resources */,
				A48B78AB2B0D45E100C6D3B6 /* BookingVC.xib in Resources */,
				A48E1CDB2B4FEE480056C96D /* MessageCell.xib in Resources */,
				A4DA0CC82AEABAB000B80A70 /* HelpCenterTableViewCell.xib in Resources */,
				A4DA0CC32AEAB8AA00B80A70 /* HelpCenterViewController.xib in Resources */,
				A47474422AF03A7E006E9296 /* BookedCollectionViewCell.xib in Resources */,
				A4D6D3032ACF35ED000C952A /* Assets.xcassets in Resources */,
				A4885C3A2AD33533008D71F4 /* BlogTableViewCell.xib in Resources */,
				A48917CF2B23A0C9003DC61A /* BlogDetailVC.xib in Resources */,
				A485C1342AED8CC5005C0F6A /* ChatsViewController.xib in Resources */,
				A4D6D3012ACF35EC000C952A /* Main.storyboard in Resources */,
				A48B34E92ADC7AB200FC434D /* ProfileTableViewCell.xib in Resources */,
				A489322F2AF15D0B0086FCAD /* SettingsViewController.xib in Resources */,
				A40B72D22AE0644700E4A187 /* FavoritesViewController.xib in Resources */,
				A40B72D92AE065C500E4A187 /* FavoritesTableViewCell.xib in Resources */,
				A485C1392AED8D4A005C0F6A /* ChatTableViewCell.xib in Resources */,
			);
			runOnlyForDeploymentPostprocessing = 0;
		};
		A4D6D30A2ACF35ED000C952A /* Resources */ = {
			isa = PBXResourcesBuildPhase;
			buildActionMask = 2147483647;
			files = (
			);
			runOnlyForDeploymentPostprocessing = 0;
		};
		A4D6D3142ACF35ED000C952A /* Resources */ = {
			isa = PBXResourcesBuildPhase;
			buildActionMask = 2147483647;
			files = (
			);
			runOnlyForDeploymentPostprocessing = 0;
		};
/* End PBXResourcesBuildPhase section */

/* Begin PBXShellScriptBuildPhase section */
		387754FE09FF4EE77A22C919 /* [CP] Embed Pods Frameworks */ = {
			isa = PBXShellScriptBuildPhase;
			buildActionMask = 2147483647;
			files = (
			);
			inputFileListPaths = (
				"${PODS_ROOT}/Target Support Files/Pods-FireBaseApp/Pods-FireBaseApp-frameworks-${CONFIGURATION}-input-files.xcfilelist",
			);
			name = "[CP] Embed Pods Frameworks";
			outputFileListPaths = (
				"${PODS_ROOT}/Target Support Files/Pods-FireBaseApp/Pods-FireBaseApp-frameworks-${CONFIGURATION}-output-files.xcfilelist",
			);
			runOnlyForDeploymentPostprocessing = 0;
			shellPath = /bin/sh;
			shellScript = "\"${PODS_ROOT}/Target Support Files/Pods-FireBaseApp/Pods-FireBaseApp-frameworks.sh\"\n";
			showEnvVarsInLog = 0;
		};
		5124FE22F51C5592AE71150E /* [CP] Embed Pods Frameworks */ = {
			isa = PBXShellScriptBuildPhase;
			buildActionMask = 2147483647;
			files = (
			);
			inputFileListPaths = (
				"${PODS_ROOT}/Target Support Files/Pods-FireBaseApp-FireBaseAppUITests/Pods-FireBaseApp-FireBaseAppUITests-frameworks-${CONFIGURATION}-input-files.xcfilelist",
			);
			name = "[CP] Embed Pods Frameworks";
			outputFileListPaths = (
				"${PODS_ROOT}/Target Support Files/Pods-FireBaseApp-FireBaseAppUITests/Pods-FireBaseApp-FireBaseAppUITests-frameworks-${CONFIGURATION}-output-files.xcfilelist",
			);
			runOnlyForDeploymentPostprocessing = 0;
			shellPath = /bin/sh;
			shellScript = "\"${PODS_ROOT}/Target Support Files/Pods-FireBaseApp-FireBaseAppUITests/Pods-FireBaseApp-FireBaseAppUITests-frameworks.sh\"\n";
			showEnvVarsInLog = 0;
		};
		8CDC4B2B497A87A4C2D19E2F /* [CP] Check Pods Manifest.lock */ = {
			isa = PBXShellScriptBuildPhase;
			buildActionMask = 2147483647;
			files = (
			);
			inputFileListPaths = (
			);
			inputPaths = (
				"${PODS_PODFILE_DIR_PATH}/Podfile.lock",
				"${PODS_ROOT}/Manifest.lock",
			);
			name = "[CP] Check Pods Manifest.lock";
			outputFileListPaths = (
			);
			outputPaths = (
				"$(DERIVED_FILE_DIR)/Pods-FireBaseApp-checkManifestLockResult.txt",
			);
			runOnlyForDeploymentPostprocessing = 0;
			shellPath = /bin/sh;
			shellScript = "diff \"${PODS_PODFILE_DIR_PATH}/Podfile.lock\" \"${PODS_ROOT}/Manifest.lock\" > /dev/null\nif [ $? != 0 ] ; then\n    # print error to STDERR\n    echo \"error: The sandbox is not in sync with the Podfile.lock. Run 'pod install' or update your CocoaPods installation.\" >&2\n    exit 1\nfi\n# This output is used by Xcode 'outputs' to avoid re-running this script phase.\necho \"SUCCESS\" > \"${SCRIPT_OUTPUT_FILE_0}\"\n";
			showEnvVarsInLog = 0;
		};
		C386D5ECA7CB3316BDE96C58 /* [CP] Check Pods Manifest.lock */ = {
			isa = PBXShellScriptBuildPhase;
			buildActionMask = 2147483647;
			files = (
			);
			inputFileListPaths = (
			);
			inputPaths = (
				"${PODS_PODFILE_DIR_PATH}/Podfile.lock",
				"${PODS_ROOT}/Manifest.lock",
			);
			name = "[CP] Check Pods Manifest.lock";
			outputFileListPaths = (
			);
			outputPaths = (
				"$(DERIVED_FILE_DIR)/Pods-FireBaseAppTests-checkManifestLockResult.txt",
			);
			runOnlyForDeploymentPostprocessing = 0;
			shellPath = /bin/sh;
			shellScript = "diff \"${PODS_PODFILE_DIR_PATH}/Podfile.lock\" \"${PODS_ROOT}/Manifest.lock\" > /dev/null\nif [ $? != 0 ] ; then\n    # print error to STDERR\n    echo \"error: The sandbox is not in sync with the Podfile.lock. Run 'pod install' or update your CocoaPods installation.\" >&2\n    exit 1\nfi\n# This output is used by Xcode 'outputs' to avoid re-running this script phase.\necho \"SUCCESS\" > \"${SCRIPT_OUTPUT_FILE_0}\"\n";
			showEnvVarsInLog = 0;
		};
		D2649FFA9A94E1AAB2858A50 /* [CP] Check Pods Manifest.lock */ = {
			isa = PBXShellScriptBuildPhase;
			buildActionMask = 2147483647;
			files = (
			);
			inputFileListPaths = (
			);
			inputPaths = (
				"${PODS_PODFILE_DIR_PATH}/Podfile.lock",
				"${PODS_ROOT}/Manifest.lock",
			);
			name = "[CP] Check Pods Manifest.lock";
			outputFileListPaths = (
			);
			outputPaths = (
				"$(DERIVED_FILE_DIR)/Pods-FireBaseApp-FireBaseAppUITests-checkManifestLockResult.txt",
			);
			runOnlyForDeploymentPostprocessing = 0;
			shellPath = /bin/sh;
			shellScript = "diff \"${PODS_PODFILE_DIR_PATH}/Podfile.lock\" \"${PODS_ROOT}/Manifest.lock\" > /dev/null\nif [ $? != 0 ] ; then\n    # print error to STDERR\n    echo \"error: The sandbox is not in sync with the Podfile.lock. Run 'pod install' or update your CocoaPods installation.\" >&2\n    exit 1\nfi\n# This output is used by Xcode 'outputs' to avoid re-running this script phase.\necho \"SUCCESS\" > \"${SCRIPT_OUTPUT_FILE_0}\"\n";
			showEnvVarsInLog = 0;
		};
/* End PBXShellScriptBuildPhase section */

/* Begin PBXSourcesBuildPhase section */
		A4D6D2F22ACF35EC000C952A /* Sources */ = {
			isa = PBXSourcesBuildPhase;
			buildActionMask = 2147483647;
			files = (
				A4D4FF472B51C57A0012C3E3 /* ConstantMessages.swift in Sources */,
				A49104492B545D6600E59CCA /* UIImage.swift in Sources */,
				A489366E2ADDAFC20042A31A /* ProfileModel.swift in Sources */,
				A40B72DD2AE073F500E4A187 /* Place.swift in Sources */,
				A40B72D82AE065C500E4A187 /* FavoritesTableViewCell.swift in Sources */,
				A4DA0CC22AEAB8AA00B80A70 /* HelpCenterViewController.swift in Sources */,
				A48B34E42ADC70E200FC434D /* MapViewController.swift in Sources */,
				A485C12D2AED78DB005C0F6A /* HelpCenterModel.swift in Sources */,
				A4F304C02B2492F3006262A4 /* MapModel.swift in Sources */,
				A4D4FF452B51C5270012C3E3 /* Helper.swift in Sources */,
				A4DA0CC72AEABAB000B80A70 /* HelpCenterTableViewCell.swift in Sources */,
				A485C1382AED8D4A005C0F6A /* ChatTableViewCell.swift in Sources */,
				A48870662B1D0D36004D7279 /* UserModel.swift in Sources */,
				A485C13E2AED9A9A005C0F6A /* ChatModel.swift in Sources */,
				A4D6D2FE2ACF35EC000C952A /* ViewController.swift in Sources */,
				A47474412AF03A7E006E9296 /* BookedCollectionViewCell.swift in Sources */,
				A48936712ADDAFEE0042A31A /* Profile.swift in Sources */,
				A48B78AA2B0D45E100C6D3B6 /* BookingVC.swift in Sources */,
				A4885C392AD33533008D71F4 /* BlogTableViewCell.swift in Sources */,
				A416B6DA2ADB2A5800DB3282 /* Constant.swift in Sources */,
				A4D6D2FA2ACF35EC000C952A /* AppDelegate.swift in Sources */,
				A4D4FF492B51C8320012C3E3 /* DatabaseManager.swift in Sources */,
				A485C13C2AED9A6B005C0F6A /* Chat.swift in Sources */,
				A47154432B1F99F60020763D /* UserManager.swift in Sources */,
				A474743C2AF038D1006E9296 /* BookedModel.swift in Sources */,
				A48E2CC82B53E83D00A651E2 /* UIColor.swift in Sources */,
				A4A955132AD3EF2000F8E9FC /* AddBlogViewController.swift in Sources */,
				A44030582B11238200624247 /* BookingVM.swift in Sources */,
				A40B72D12AE0644700E4A187 /* FavoritesViewController.swift in Sources */,
				A4885C362AD33073008D71F4 /* Blog.swift in Sources */,
				A489322E2AF15D0B0086FCAD /* SettingsViewController.swift in Sources */,
				A486F19A2AD1E7A20094DDC0 /* BlogViewController.swift in Sources */,
				A48870642B1D0D2D004D7279 /* User.swift in Sources */,
				A4D6D2FC2ACF35EC000C952A /* SceneDelegate.swift in Sources */,
				A47474332AF03865006E9296 /* BookedViewController.swift in Sources */,
				A4C29CC32B4F170E006D1693 /* ChatViewController.swift in Sources */,
				A48B34E82ADC7AB200FC434D /* ProfileTableViewCell.swift in Sources */,
				A48E1CDA2B4FEE480056C96D /* MessageCell.swift in Sources */,
				A48936732ADDBCC60042A31A /* ProfileViewController.swift in Sources */,
				A4BCB8832AE1932D00FFA54A /* RouterManager.swift in Sources */,
				A416B6D62ADB20EF00DB3282 /* BlogModel.swift in Sources */,
				A48917CE2B23A0C9003DC61A /* BlogDetailVC.swift in Sources */,
				A40B72E12AE0743E00E4A187 /* PlaceModel.swift in Sources */,
				A485C1332AED8CC5005C0F6A /* ChatsViewController.swift in Sources */,
			);
			runOnlyForDeploymentPostprocessing = 0;
		};
		A4D6D3082ACF35ED000C952A /* Sources */ = {
			isa = PBXSourcesBuildPhase;
			buildActionMask = 2147483647;
			files = (
				A4D6D3112ACF35ED000C952A /* FireBaseAppTests.swift in Sources */,
			);
			runOnlyForDeploymentPostprocessing = 0;
		};
		A4D6D3122ACF35ED000C952A /* Sources */ = {
			isa = PBXSourcesBuildPhase;
			buildActionMask = 2147483647;
			files = (
				A4D6D31B2ACF35ED000C952A /* FireBaseAppUITests.swift in Sources */,
				A4D6D31D2ACF35ED000C952A /* FireBaseAppUITestsLaunchTests.swift in Sources */,
			);
			runOnlyForDeploymentPostprocessing = 0;
		};
/* End PBXSourcesBuildPhase section */

/* Begin PBXTargetDependency section */
		A4D6D30E2ACF35ED000C952A /* PBXTargetDependency */ = {
			isa = PBXTargetDependency;
			target = A4D6D2F52ACF35EC000C952A /* FireBaseApp */;
			targetProxy = A4D6D30D2ACF35ED000C952A /* PBXContainerItemProxy */;
		};
		A4D6D3182ACF35ED000C952A /* PBXTargetDependency */ = {
			isa = PBXTargetDependency;
			target = A4D6D2F52ACF35EC000C952A /* FireBaseApp */;
			targetProxy = A4D6D3172ACF35ED000C952A /* PBXContainerItemProxy */;
		};
/* End PBXTargetDependency section */

/* Begin PBXVariantGroup section */
		A4D6D2FF2ACF35EC000C952A /* Main.storyboard */ = {
			isa = PBXVariantGroup;
			children = (
				A4D6D3002ACF35EC000C952A /* Base */,
			);
			name = Main.storyboard;
			sourceTree = "<group>";
		};
		A4D6D3042ACF35ED000C952A /* LaunchScreen.storyboard */ = {
			isa = PBXVariantGroup;
			children = (
				A4D6D3052ACF35ED000C952A /* Base */,
			);
			name = LaunchScreen.storyboard;
			sourceTree = "<group>";
		};
/* End PBXVariantGroup section */

/* Begin XCBuildConfiguration section */
		A4D6D31E2ACF35ED000C952A /* Debug */ = {
			isa = XCBuildConfiguration;
			buildSettings = {
				ALWAYS_SEARCH_USER_PATHS = NO;
				ASSETCATALOG_COMPILER_GENERATE_SWIFT_ASSET_SYMBOL_EXTENSIONS = YES;
				CLANG_ANALYZER_NONNULL = YES;
				CLANG_ANALYZER_NUMBER_OBJECT_CONVERSION = YES_AGGRESSIVE;
				CLANG_CXX_LANGUAGE_STANDARD = "gnu++20";
				CLANG_ENABLE_MODULES = YES;
				CLANG_ENABLE_OBJC_ARC = YES;
				CLANG_ENABLE_OBJC_WEAK = YES;
				CLANG_WARN_BLOCK_CAPTURE_AUTORELEASING = YES;
				CLANG_WARN_BOOL_CONVERSION = YES;
				CLANG_WARN_COMMA = YES;
				CLANG_WARN_CONSTANT_CONVERSION = YES;
				CLANG_WARN_DEPRECATED_OBJC_IMPLEMENTATIONS = YES;
				CLANG_WARN_DIRECT_OBJC_ISA_USAGE = YES_ERROR;
				CLANG_WARN_DOCUMENTATION_COMMENTS = YES;
				CLANG_WARN_EMPTY_BODY = YES;
				CLANG_WARN_ENUM_CONVERSION = YES;
				CLANG_WARN_INFINITE_RECURSION = YES;
				CLANG_WARN_INT_CONVERSION = YES;
				CLANG_WARN_NON_LITERAL_NULL_CONVERSION = YES;
				CLANG_WARN_OBJC_IMPLICIT_RETAIN_SELF = YES;
				CLANG_WARN_OBJC_LITERAL_CONVERSION = YES;
				CLANG_WARN_OBJC_ROOT_CLASS = YES_ERROR;
				CLANG_WARN_QUOTED_INCLUDE_IN_FRAMEWORK_HEADER = YES;
				CLANG_WARN_RANGE_LOOP_ANALYSIS = YES;
				CLANG_WARN_STRICT_PROTOTYPES = YES;
				CLANG_WARN_SUSPICIOUS_MOVE = YES;
				CLANG_WARN_UNGUARDED_AVAILABILITY = YES_AGGRESSIVE;
				CLANG_WARN_UNREACHABLE_CODE = YES;
				CLANG_WARN__DUPLICATE_METHOD_MATCH = YES;
				COPY_PHASE_STRIP = NO;
				DEBUG_INFORMATION_FORMAT = dwarf;
				ENABLE_STRICT_OBJC_MSGSEND = YES;
				ENABLE_TESTABILITY = YES;
				ENABLE_USER_SCRIPT_SANDBOXING = NO;
				GCC_C_LANGUAGE_STANDARD = gnu17;
				GCC_DYNAMIC_NO_PIC = NO;
				GCC_NO_COMMON_BLOCKS = YES;
				GCC_OPTIMIZATION_LEVEL = 0;
				GCC_PREPROCESSOR_DEFINITIONS = (
					"DEBUG=1",
					"$(inherited)",
				);
				GCC_WARN_64_TO_32_BIT_CONVERSION = YES;
				GCC_WARN_ABOUT_RETURN_TYPE = YES_ERROR;
				GCC_WARN_UNDECLARED_SELECTOR = YES;
				GCC_WARN_UNINITIALIZED_AUTOS = YES_AGGRESSIVE;
				GCC_WARN_UNUSED_FUNCTION = YES;
				GCC_WARN_UNUSED_VARIABLE = YES;
				IPHONEOS_DEPLOYMENT_TARGET = 17.0;
				LOCALIZATION_PREFERS_STRING_CATALOGS = YES;
				MTL_ENABLE_DEBUG_INFO = INCLUDE_SOURCE;
				MTL_FAST_MATH = YES;
				ONLY_ACTIVE_ARCH = YES;
				SDKROOT = iphoneos;
				SWIFT_ACTIVE_COMPILATION_CONDITIONS = "DEBUG $(inherited)";
				SWIFT_OPTIMIZATION_LEVEL = "-Onone";
			};
			name = Debug;
		};
		A4D6D31F2ACF35ED000C952A /* Release */ = {
			isa = XCBuildConfiguration;
			buildSettings = {
				ALWAYS_SEARCH_USER_PATHS = NO;
				ASSETCATALOG_COMPILER_GENERATE_SWIFT_ASSET_SYMBOL_EXTENSIONS = YES;
				CLANG_ANALYZER_NONNULL = YES;
				CLANG_ANALYZER_NUMBER_OBJECT_CONVERSION = YES_AGGRESSIVE;
				CLANG_CXX_LANGUAGE_STANDARD = "gnu++20";
				CLANG_ENABLE_MODULES = YES;
				CLANG_ENABLE_OBJC_ARC = YES;
				CLANG_ENABLE_OBJC_WEAK = YES;
				CLANG_WARN_BLOCK_CAPTURE_AUTORELEASING = YES;
				CLANG_WARN_BOOL_CONVERSION = YES;
				CLANG_WARN_COMMA = YES;
				CLANG_WARN_CONSTANT_CONVERSION = YES;
				CLANG_WARN_DEPRECATED_OBJC_IMPLEMENTATIONS = YES;
				CLANG_WARN_DIRECT_OBJC_ISA_USAGE = YES_ERROR;
				CLANG_WARN_DOCUMENTATION_COMMENTS = YES;
				CLANG_WARN_EMPTY_BODY = YES;
				CLANG_WARN_ENUM_CONVERSION = YES;
				CLANG_WARN_INFINITE_RECURSION = YES;
				CLANG_WARN_INT_CONVERSION = YES;
				CLANG_WARN_NON_LITERAL_NULL_CONVERSION = YES;
				CLANG_WARN_OBJC_IMPLICIT_RETAIN_SELF = YES;
				CLANG_WARN_OBJC_LITERAL_CONVERSION = YES;
				CLANG_WARN_OBJC_ROOT_CLASS = YES_ERROR;
				CLANG_WARN_QUOTED_INCLUDE_IN_FRAMEWORK_HEADER = YES;
				CLANG_WARN_RANGE_LOOP_ANALYSIS = YES;
				CLANG_WARN_STRICT_PROTOTYPES = YES;
				CLANG_WARN_SUSPICIOUS_MOVE = YES;
				CLANG_WARN_UNGUARDED_AVAILABILITY = YES_AGGRESSIVE;
				CLANG_WARN_UNREACHABLE_CODE = YES;
				CLANG_WARN__DUPLICATE_METHOD_MATCH = YES;
				COPY_PHASE_STRIP = NO;
				DEBUG_INFORMATION_FORMAT = "dwarf-with-dsym";
				ENABLE_NS_ASSERTIONS = NO;
				ENABLE_STRICT_OBJC_MSGSEND = YES;
				ENABLE_USER_SCRIPT_SANDBOXING = NO;
				GCC_C_LANGUAGE_STANDARD = gnu17;
				GCC_NO_COMMON_BLOCKS = YES;
				GCC_WARN_64_TO_32_BIT_CONVERSION = YES;
				GCC_WARN_ABOUT_RETURN_TYPE = YES_ERROR;
				GCC_WARN_UNDECLARED_SELECTOR = YES;
				GCC_WARN_UNINITIALIZED_AUTOS = YES_AGGRESSIVE;
				GCC_WARN_UNUSED_FUNCTION = YES;
				GCC_WARN_UNUSED_VARIABLE = YES;
				IPHONEOS_DEPLOYMENT_TARGET = 17.0;
				LOCALIZATION_PREFERS_STRING_CATALOGS = YES;
				MTL_ENABLE_DEBUG_INFO = NO;
				MTL_FAST_MATH = YES;
				SDKROOT = iphoneos;
				SWIFT_COMPILATION_MODE = wholemodule;
				VALIDATE_PRODUCT = YES;
			};
			name = Release;
		};
		A4D6D3212ACF35ED000C952A /* Debug */ = {
			isa = XCBuildConfiguration;
			baseConfigurationReference = E477459F1BB464DF693B45C6 /* Pods-FireBaseApp.debug.xcconfig */;
			buildSettings = {
				ASSETCATALOG_COMPILER_APPICON_NAME = AppIcon;
				ASSETCATALOG_COMPILER_GLOBAL_ACCENT_COLOR_NAME = AccentColor;
				CODE_SIGN_STYLE = Automatic;
				CURRENT_PROJECT_VERSION = 1;
				GENERATE_INFOPLIST_FILE = YES;
				INFOPLIST_FILE = FireBaseApp/Info.plist;
				INFOPLIST_KEY_UIApplicationSupportsIndirectInputEvents = YES;
				INFOPLIST_KEY_UILaunchStoryboardName = LaunchScreen;
				INFOPLIST_KEY_UIMainStoryboardFile = Main;
				INFOPLIST_KEY_UISupportedInterfaceOrientations_iPad = "UIInterfaceOrientationPortrait UIInterfaceOrientationPortraitUpsideDown UIInterfaceOrientationLandscapeLeft UIInterfaceOrientationLandscapeRight";
				INFOPLIST_KEY_UISupportedInterfaceOrientations_iPhone = "UIInterfaceOrientationPortrait UIInterfaceOrientationLandscapeLeft UIInterfaceOrientationLandscapeRight";
				LD_RUNPATH_SEARCH_PATHS = (
					"$(inherited)",
					"@executable_path/Frameworks",
				);
				MARKETING_VERSION = 1.0;
				PRODUCT_BUNDLE_IDENTIFIER = gayeugur.FireBaseApp;
				PRODUCT_NAME = "$(TARGET_NAME)";
				SWIFT_EMIT_LOC_STRINGS = YES;
				SWIFT_VERSION = 5.0;
				TARGETED_DEVICE_FAMILY = "1,2";
			};
			name = Debug;
		};
		A4D6D3222ACF35ED000C952A /* Release */ = {
			isa = XCBuildConfiguration;
			baseConfigurationReference = 24AE26BB8A6C2C00E6AF200E /* Pods-FireBaseApp.release.xcconfig */;
			buildSettings = {
				ASSETCATALOG_COMPILER_APPICON_NAME = AppIcon;
				ASSETCATALOG_COMPILER_GLOBAL_ACCENT_COLOR_NAME = AccentColor;
				CODE_SIGN_STYLE = Automatic;
				CURRENT_PROJECT_VERSION = 1;
				GENERATE_INFOPLIST_FILE = YES;
				INFOPLIST_FILE = FireBaseApp/Info.plist;
				INFOPLIST_KEY_UIApplicationSupportsIndirectInputEvents = YES;
				INFOPLIST_KEY_UILaunchStoryboardName = LaunchScreen;
				INFOPLIST_KEY_UIMainStoryboardFile = Main;
				INFOPLIST_KEY_UISupportedInterfaceOrientations_iPad = "UIInterfaceOrientationPortrait UIInterfaceOrientationPortraitUpsideDown UIInterfaceOrientationLandscapeLeft UIInterfaceOrientationLandscapeRight";
				INFOPLIST_KEY_UISupportedInterfaceOrientations_iPhone = "UIInterfaceOrientationPortrait UIInterfaceOrientationLandscapeLeft UIInterfaceOrientationLandscapeRight";
				LD_RUNPATH_SEARCH_PATHS = (
					"$(inherited)",
					"@executable_path/Frameworks",
				);
				MARKETING_VERSION = 1.0;
				PRODUCT_BUNDLE_IDENTIFIER = gayeugur.FireBaseApp;
				PRODUCT_NAME = "$(TARGET_NAME)";
				SWIFT_EMIT_LOC_STRINGS = YES;
				SWIFT_VERSION = 5.0;
				TARGETED_DEVICE_FAMILY = "1,2";
			};
			name = Release;
		};
		A4D6D3242ACF35ED000C952A /* Debug */ = {
			isa = XCBuildConfiguration;
			baseConfigurationReference = CA81D10BDE4FB7FACC069D39 /* Pods-FireBaseAppTests.debug.xcconfig */;
			buildSettings = {
				ALWAYS_EMBED_SWIFT_STANDARD_LIBRARIES = YES;
				BUNDLE_LOADER = "$(TEST_HOST)";
				CODE_SIGN_STYLE = Automatic;
				CURRENT_PROJECT_VERSION = 1;
				GENERATE_INFOPLIST_FILE = YES;
				IPHONEOS_DEPLOYMENT_TARGET = 17.0;
				MARKETING_VERSION = 1.0;
				PRODUCT_BUNDLE_IDENTIFIER = gayeugur.FireBaseAppTests;
				PRODUCT_NAME = "$(TARGET_NAME)";
				SWIFT_EMIT_LOC_STRINGS = NO;
				SWIFT_VERSION = 5.0;
				TARGETED_DEVICE_FAMILY = "1,2";
				TEST_HOST = "$(BUILT_PRODUCTS_DIR)/FireBaseApp.app/$(BUNDLE_EXECUTABLE_FOLDER_PATH)/FireBaseApp";
			};
			name = Debug;
		};
		A4D6D3252ACF35ED000C952A /* Release */ = {
			isa = XCBuildConfiguration;
			baseConfigurationReference = 197ABCE024FA98E0CAEF18DB /* Pods-FireBaseAppTests.release.xcconfig */;
			buildSettings = {
				ALWAYS_EMBED_SWIFT_STANDARD_LIBRARIES = YES;
				BUNDLE_LOADER = "$(TEST_HOST)";
				CODE_SIGN_STYLE = Automatic;
				CURRENT_PROJECT_VERSION = 1;
				GENERATE_INFOPLIST_FILE = YES;
				IPHONEOS_DEPLOYMENT_TARGET = 17.0;
				MARKETING_VERSION = 1.0;
				PRODUCT_BUNDLE_IDENTIFIER = gayeugur.FireBaseAppTests;
				PRODUCT_NAME = "$(TARGET_NAME)";
				SWIFT_EMIT_LOC_STRINGS = NO;
				SWIFT_VERSION = 5.0;
				TARGETED_DEVICE_FAMILY = "1,2";
				TEST_HOST = "$(BUILT_PRODUCTS_DIR)/FireBaseApp.app/$(BUNDLE_EXECUTABLE_FOLDER_PATH)/FireBaseApp";
			};
			name = Release;
		};
		A4D6D3272ACF35ED000C952A /* Debug */ = {
			isa = XCBuildConfiguration;
			baseConfigurationReference = 2B49E3C4857A3F7F4D18F63E /* Pods-FireBaseApp-FireBaseAppUITests.debug.xcconfig */;
			buildSettings = {
				ALWAYS_EMBED_SWIFT_STANDARD_LIBRARIES = YES;
				CODE_SIGN_STYLE = Automatic;
				CURRENT_PROJECT_VERSION = 1;
				GENERATE_INFOPLIST_FILE = YES;
				MARKETING_VERSION = 1.0;
				PRODUCT_BUNDLE_IDENTIFIER = gayeugur.FireBaseAppUITests;
				PRODUCT_NAME = "$(TARGET_NAME)";
				SWIFT_EMIT_LOC_STRINGS = NO;
				SWIFT_VERSION = 5.0;
				TARGETED_DEVICE_FAMILY = "1,2";
				TEST_TARGET_NAME = FireBaseApp;
			};
			name = Debug;
		};
		A4D6D3282ACF35ED000C952A /* Release */ = {
			isa = XCBuildConfiguration;
			baseConfigurationReference = 7172C6D988216C530415916B /* Pods-FireBaseApp-FireBaseAppUITests.release.xcconfig */;
			buildSettings = {
				ALWAYS_EMBED_SWIFT_STANDARD_LIBRARIES = YES;
				CODE_SIGN_STYLE = Automatic;
				CURRENT_PROJECT_VERSION = 1;
				GENERATE_INFOPLIST_FILE = YES;
				MARKETING_VERSION = 1.0;
				PRODUCT_BUNDLE_IDENTIFIER = gayeugur.FireBaseAppUITests;
				PRODUCT_NAME = "$(TARGET_NAME)";
				SWIFT_EMIT_LOC_STRINGS = NO;
				SWIFT_VERSION = 5.0;
				TARGETED_DEVICE_FAMILY = "1,2";
				TEST_TARGET_NAME = FireBaseApp;
			};
			name = Release;
		};
/* End XCBuildConfiguration section */

/* Begin XCConfigurationList section */
		A4D6D2F12ACF35EC000C952A /* Build configuration list for PBXProject "FireBaseApp" */ = {
			isa = XCConfigurationList;
			buildConfigurations = (
				A4D6D31E2ACF35ED000C952A /* Debug */,
				A4D6D31F2ACF35ED000C952A /* Release */,
			);
			defaultConfigurationIsVisible = 0;
			defaultConfigurationName = Release;
		};
		A4D6D3202ACF35ED000C952A /* Build configuration list for PBXNativeTarget "FireBaseApp" */ = {
			isa = XCConfigurationList;
			buildConfigurations = (
				A4D6D3212ACF35ED000C952A /* Debug */,
				A4D6D3222ACF35ED000C952A /* Release */,
			);
			defaultConfigurationIsVisible = 0;
			defaultConfigurationName = Release;
		};
		A4D6D3232ACF35ED000C952A /* Build configuration list for PBXNativeTarget "FireBaseAppTests" */ = {
			isa = XCConfigurationList;
			buildConfigurations = (
				A4D6D3242ACF35ED000C952A /* Debug */,
				A4D6D3252ACF35ED000C952A /* Release */,
			);
			defaultConfigurationIsVisible = 0;
			defaultConfigurationName = Release;
		};
		A4D6D3262ACF35ED000C952A /* Build configuration list for PBXNativeTarget "FireBaseAppUITests" */ = {
			isa = XCConfigurationList;
			buildConfigurations = (
				A4D6D3272ACF35ED000C952A /* Debug */,
				A4D6D3282ACF35ED000C952A /* Release */,
			);
			defaultConfigurationIsVisible = 0;
			defaultConfigurationName = Release;
		};
/* End XCConfigurationList section */
	};
	rootObject = A4D6D2EE2ACF35EC000C952A /* Project object */;
}
